// !$*UTF8*$!
{
	archiveVersion = 1;
	classes = {
	};
	objectVersion = 50;
	objects = {

/* Begin PBXBuildFile section */
		C211B6F2217C5C4F00ADC9A8 /* AccountController.swift in Sources */ = {isa = PBXBuildFile; fileRef = C211B6F1217C5C4F00ADC9A8 /* AccountController.swift */; };
		C24AA7C0217BAAC7002B6FF8 /* AppDelegate.swift in Sources */ = {isa = PBXBuildFile; fileRef = C24AA7BF217BAAC7002B6FF8 /* AppDelegate.swift */; };
		C24AA7C2217BAAC7002B6FF8 /* PoolsTableController.swift in Sources */ = {isa = PBXBuildFile; fileRef = C24AA7C1217BAAC7002B6FF8 /* PoolsTableController.swift */; };
		C24AA7C7217BAAC7002B6FF8 /* Main.storyboard in Resources */ = {isa = PBXBuildFile; fileRef = C24AA7C5217BAAC7002B6FF8 /* Main.storyboard */; };
		C24AA7C9217BAAC8002B6FF8 /* Assets.xcassets in Resources */ = {isa = PBXBuildFile; fileRef = C24AA7C8217BAAC8002B6FF8 /* Assets.xcassets */; };
		C24AA7CC217BAAC8002B6FF8 /* LaunchScreen.storyboard in Resources */ = {isa = PBXBuildFile; fileRef = C24AA7CA217BAAC8002B6FF8 /* LaunchScreen.storyboard */; };
		C24AA7D9217BB520002B6FF8 /* LoginController.swift in Sources */ = {isa = PBXBuildFile; fileRef = C24AA7D8217BB520002B6FF8 /* LoginController.swift */; };
		C24AA7DC217BBC39002B6FF8 /* PoolsTableCell.swift in Sources */ = {isa = PBXBuildFile; fileRef = C24AA7DB217BBC39002B6FF8 /* PoolsTableCell.swift */; };
		C24AA7DE217BBF7F002B6FF8 /* CreateAccountController.swift in Sources */ = {isa = PBXBuildFile; fileRef = C24AA7DD217BBF7F002B6FF8 /* CreateAccountController.swift */; };
		C24AA7E0217BC12F002B6FF8 /* LoginChoiceController.swift in Sources */ = {isa = PBXBuildFile; fileRef = C24AA7DF217BC12F002B6FF8 /* LoginChoiceController.swift */; };
		C24AA7E3217BC7DB002B6FF8 /* SettingsController.swift in Sources */ = {isa = PBXBuildFile; fileRef = C24AA7E2217BC7DB002B6FF8 /* SettingsController.swift */; };
		C24AA7E6217BCB8A002B6FF8 /* CreatePoolController.swift in Sources */ = {isa = PBXBuildFile; fileRef = C24AA7E5217BCB8A002B6FF8 /* CreatePoolController.swift */; };
		C24AA7E9217BCD91002B6FF8 /* PoolDetailsController.swift in Sources */ = {isa = PBXBuildFile; fileRef = C24AA7E8217BCD91002B6FF8 /* PoolDetailsController.swift */; };
		C24AA7EC217BD05C002B6FF8 /* Http.swift in Sources */ = {isa = PBXBuildFile; fileRef = C24AA7EB217BD05C002B6FF8 /* Http.swift */; };
		C24AA7EF217BEE57002B6FF8 /* User.swift in Sources */ = {isa = PBXBuildFile; fileRef = C24AA7EE217BEE57002B6FF8 /* User.swift */; };
		C24AA7F1217BEFDA002B6FF8 /* Pool.swift in Sources */ = {isa = PBXBuildFile; fileRef = C24AA7F0217BEFDA002B6FF8 /* Pool.swift */; };
		C24AA7F3217BF3A9002B6FF8 /* SettingsTableCell.swift in Sources */ = {isa = PBXBuildFile; fileRef = C24AA7F2217BF3A9002B6FF8 /* SettingsTableCell.swift */; };
		C24AA7F7217C08DB002B6FF8 /* CreatePasswordController.swift in Sources */ = {isa = PBXBuildFile; fileRef = C24AA7F6217C08DB002B6FF8 /* CreatePasswordController.swift */; };
		C24AA7F9217C14DA002B6FF8 /* Session.swift in Sources */ = {isa = PBXBuildFile; fileRef = C24AA7F8217C14DA002B6FF8 /* Session.swift */; };
		C24AA7FB217C4621002B6FF8 /* UtiI.swift in Sources */ = {isa = PBXBuildFile; fileRef = C24AA7FA217C4621002B6FF8 /* UtiI.swift */; };
/* End PBXBuildFile section */

/* Begin PBXFileReference section */
		C211B6F1217C5C4F00ADC9A8 /* AccountController.swift */ = {isa = PBXFileReference; lastKnownFileType = sourcecode.swift; path = AccountController.swift; sourceTree = "<group>"; };
		C24AA7BC217BAAC7002B6FF8 /* brethren.app */ = {isa = PBXFileReference; explicitFileType = wrapper.application; includeInIndex = 0; path = brethren.app; sourceTree = BUILT_PRODUCTS_DIR; };
		C24AA7BF217BAAC7002B6FF8 /* AppDelegate.swift */ = {isa = PBXFileReference; lastKnownFileType = sourcecode.swift; path = AppDelegate.swift; sourceTree = "<group>"; };
		C24AA7C1217BAAC7002B6FF8 /* PoolsTableController.swift */ = {isa = PBXFileReference; lastKnownFileType = sourcecode.swift; path = PoolsTableController.swift; sourceTree = "<group>"; };
		C24AA7C6217BAAC7002B6FF8 /* Base */ = {isa = PBXFileReference; lastKnownFileType = file.storyboard; name = Base; path = Base.lproj/Main.storyboard; sourceTree = "<group>"; };
		C24AA7C8217BAAC8002B6FF8 /* Assets.xcassets */ = {isa = PBXFileReference; lastKnownFileType = folder.assetcatalog; path = Assets.xcassets; sourceTree = "<group>"; };
		C24AA7CB217BAAC8002B6FF8 /* Base */ = {isa = PBXFileReference; lastKnownFileType = file.storyboard; name = Base; path = Base.lproj/LaunchScreen.storyboard; sourceTree = "<group>"; };
		C24AA7CD217BAAC8002B6FF8 /* Info.plist */ = {isa = PBXFileReference; lastKnownFileType = text.plist.xml; path = Info.plist; sourceTree = "<group>"; };
		C24AA7D3217BAD3E002B6FF8 /* brethren.entitlements */ = {isa = PBXFileReference; lastKnownFileType = text.plist.entitlements; path = brethren.entitlements; sourceTree = "<group>"; };
		C24AA7D8217BB520002B6FF8 /* LoginController.swift */ = {isa = PBXFileReference; lastKnownFileType = sourcecode.swift; path = LoginController.swift; sourceTree = "<group>"; };
		C24AA7DB217BBC39002B6FF8 /* PoolsTableCell.swift */ = {isa = PBXFileReference; lastKnownFileType = sourcecode.swift; path = PoolsTableCell.swift; sourceTree = "<group>"; };
		C24AA7DD217BBF7F002B6FF8 /* CreateAccountController.swift */ = {isa = PBXFileReference; lastKnownFileType = sourcecode.swift; path = CreateAccountController.swift; sourceTree = "<group>"; };
		C24AA7DF217BC12F002B6FF8 /* LoginChoiceController.swift */ = {isa = PBXFileReference; lastKnownFileType = sourcecode.swift; path = LoginChoiceController.swift; sourceTree = "<group>"; };
		C24AA7E2217BC7DB002B6FF8 /* SettingsController.swift */ = {isa = PBXFileReference; lastKnownFileType = sourcecode.swift; path = SettingsController.swift; sourceTree = "<group>"; };
		C24AA7E5217BCB8A002B6FF8 /* CreatePoolController.swift */ = {isa = PBXFileReference; lastKnownFileType = sourcecode.swift; path = CreatePoolController.swift; sourceTree = "<group>"; };
		C24AA7E8217BCD91002B6FF8 /* PoolDetailsController.swift */ = {isa = PBXFileReference; lastKnownFileType = sourcecode.swift; path = PoolDetailsController.swift; sourceTree = "<group>"; };
		C24AA7EB217BD05C002B6FF8 /* Http.swift */ = {isa = PBXFileReference; lastKnownFileType = sourcecode.swift; path = Http.swift; sourceTree = "<group>"; };
		C24AA7EE217BEE57002B6FF8 /* User.swift */ = {isa = PBXFileReference; lastKnownFileType = sourcecode.swift; path = User.swift; sourceTree = "<group>"; };
		C24AA7F0217BEFDA002B6FF8 /* Pool.swift */ = {isa = PBXFileReference; lastKnownFileType = sourcecode.swift; path = Pool.swift; sourceTree = "<group>"; };
		C24AA7F2217BF3A9002B6FF8 /* SettingsTableCell.swift */ = {isa = PBXFileReference; lastKnownFileType = sourcecode.swift; path = SettingsTableCell.swift; sourceTree = "<group>"; };
		C24AA7F6217C08DB002B6FF8 /* CreatePasswordController.swift */ = {isa = PBXFileReference; lastKnownFileType = sourcecode.swift; path = CreatePasswordController.swift; sourceTree = "<group>"; };
		C24AA7F8217C14DA002B6FF8 /* Session.swift */ = {isa = PBXFileReference; lastKnownFileType = sourcecode.swift; path = Session.swift; sourceTree = "<group>"; };
		C24AA7FA217C4621002B6FF8 /* UtiI.swift */ = {isa = PBXFileReference; lastKnownFileType = sourcecode.swift; path = UtiI.swift; sourceTree = "<group>"; };
/* End PBXFileReference section */

/* Begin PBXFrameworksBuildPhase section */
		C24AA7B9217BAAC7002B6FF8 /* Frameworks */ = {
			isa = PBXFrameworksBuildPhase;
			buildActionMask = 2147483647;
			files = (
			);
			runOnlyForDeploymentPostprocessing = 0;
		};
/* End PBXFrameworksBuildPhase section */

/* Begin PBXGroup section */
		C24AA7B3217BAAC7002B6FF8 = {
			isa = PBXGroup;
			children = (
				C24AA7BE217BAAC7002B6FF8 /* brethren */,
				C24AA7BD217BAAC7002B6FF8 /* Products */,
				C24AA7D4217BAD3E002B6FF8 /* Frameworks */,
			);
			sourceTree = "<group>";
		};
		C24AA7BD217BAAC7002B6FF8 /* Products */ = {
			isa = PBXGroup;
			children = (
				C24AA7BC217BAAC7002B6FF8 /* brethren.app */,
			);
			name = Products;
			sourceTree = "<group>";
		};
		C24AA7BE217BAAC7002B6FF8 /* brethren */ = {
			isa = PBXGroup;
			children = (
				C24AA7D7217BB4E0002B6FF8 /* Login */,
				C24AA7DA217BB8AD002B6FF8 /* Pools */,
				C24AA7ED217BEE2F002B6FF8 /* Models */,
				C24AA7E1217BC76B002B6FF8 /* Settings */,
				C24AA7EA217BCFF0002B6FF8 /* Util */,
				C24AA7BF217BAAC7002B6FF8 /* AppDelegate.swift */,
				C24AA7C5217BAAC7002B6FF8 /* Main.storyboard */,
				C24AA7C8217BAAC8002B6FF8 /* Assets.xcassets */,
				C24AA7CA217BAAC8002B6FF8 /* LaunchScreen.storyboard */,
				C24AA7CD217BAAC8002B6FF8 /* Info.plist */,
				C24AA7D3217BAD3E002B6FF8 /* brethren.entitlements */,
			);
			path = brethren;
			sourceTree = "<group>";
		};
		C24AA7D4217BAD3E002B6FF8 /* Frameworks */ = {
			isa = PBXGroup;
			children = (
			);
			name = Frameworks;
			sourceTree = "<group>";
		};
		C24AA7D7217BB4E0002B6FF8 /* Login */ = {
			isa = PBXGroup;
			children = (
				C24AA7D8217BB520002B6FF8 /* LoginController.swift */,
				C24AA7DF217BC12F002B6FF8 /* LoginChoiceController.swift */,
				C24AA7DD217BBF7F002B6FF8 /* CreateAccountController.swift */,
				C24AA7F6217C08DB002B6FF8 /* CreatePasswordController.swift */,
			);
			path = Login;
			sourceTree = "<group>";
		};
		C24AA7DA217BB8AD002B6FF8 /* Pools */ = {
			isa = PBXGroup;
			children = (
				C24AA7E7217BCD55002B6FF8 /* PoolDetails */,
				C24AA7E4217BCB23002B6FF8 /* CreatePool */,
				C24AA7C1217BAAC7002B6FF8 /* PoolsTableController.swift */,
				C24AA7DB217BBC39002B6FF8 /* PoolsTableCell.swift */,
			);
			path = Pools;
			sourceTree = "<group>";
		};
		C24AA7E1217BC76B002B6FF8 /* Settings */ = {
			isa = PBXGroup;
			children = (
				C24AA7E2217BC7DB002B6FF8 /* SettingsController.swift */,
				C24AA7F2217BF3A9002B6FF8 /* SettingsTableCell.swift */,
				C211B6F1217C5C4F00ADC9A8 /* AccountController.swift */,
			);
			path = Settings;
			sourceTree = "<group>";
		};
		C24AA7E4217BCB23002B6FF8 /* CreatePool */ = {
			isa = PBXGroup;
			children = (
				C24AA7E5217BCB8A002B6FF8 /* CreatePoolController.swift */,
			);
			path = CreatePool;
			sourceTree = "<group>";
		};
		C24AA7E7217BCD55002B6FF8 /* PoolDetails */ = {
			isa = PBXGroup;
			children = (
				C24AA7E8217BCD91002B6FF8 /* PoolDetailsController.swift */,
			);
			path = PoolDetails;
			sourceTree = "<group>";
		};
		C24AA7EA217BCFF0002B6FF8 /* Util */ = {
			isa = PBXGroup;
			children = (
				C24AA7F8217C14DA002B6FF8 /* Session.swift */,
				C24AA7EB217BD05C002B6FF8 /* Http.swift */,
				C24AA7FA217C4621002B6FF8 /* UtiI.swift */,
			);
			path = Util;
			sourceTree = "<group>";
		};
		C24AA7ED217BEE2F002B6FF8 /* Models */ = {
			isa = PBXGroup;
			children = (
				C24AA7EE217BEE57002B6FF8 /* User.swift */,
				C24AA7F0217BEFDA002B6FF8 /* Pool.swift */,
			);
			path = Models;
			sourceTree = "<group>";
		};
/* End PBXGroup section */

/* Begin PBXNativeTarget section */
		C24AA7BB217BAAC7002B6FF8 /* brethren */ = {
			isa = PBXNativeTarget;
			buildConfigurationList = C24AA7D0217BAAC8002B6FF8 /* Build configuration list for PBXNativeTarget "brethren" */;
			buildPhases = (
				C24AA7B8217BAAC7002B6FF8 /* Sources */,
				C24AA7B9217BAAC7002B6FF8 /* Frameworks */,
				C24AA7BA217BAAC7002B6FF8 /* Resources */,
			);
			buildRules = (
			);
			dependencies = (
			);
			name = brethren;
			productName = brethren;
			productReference = C24AA7BC217BAAC7002B6FF8 /* brethren.app */;
			productType = "com.apple.product-type.application";
		};
/* End PBXNativeTarget section */

/* Begin PBXProject section */
		C24AA7B4217BAAC7002B6FF8 /* Project object */ = {
			isa = PBXProject;
			attributes = {
				KnownAssetTags = (
					1,
				);
				LastSwiftUpdateCheck = 1000;
				LastUpgradeCheck = 1000;
				ORGANIZATIONNAME = "Cornelius and Co";
				TargetAttributes = {
					C24AA7BB217BAAC7002B6FF8 = {
						CreatedOnToolsVersion = 10.0;
						SystemCapabilities = {
							com.apple.InterAppAudio = {
								enabled = 0;
							};
						};
					};
				};
			};
			buildConfigurationList = C24AA7B7217BAAC7002B6FF8 /* Build configuration list for PBXProject "brethren" */;
			compatibilityVersion = "Xcode 9.3";
			developmentRegion = en;
			hasScannedForEncodings = 0;
			knownRegions = (
				en,
				Base,
			);
			mainGroup = C24AA7B3217BAAC7002B6FF8;
			productRefGroup = C24AA7BD217BAAC7002B6FF8 /* Products */;
			projectDirPath = "";
			projectRoot = "";
			targets = (
				C24AA7BB217BAAC7002B6FF8 /* brethren */,
			);
		};
/* End PBXProject section */

/* Begin PBXResourcesBuildPhase section */
		C24AA7BA217BAAC7002B6FF8 /* Resources */ = {
			isa = PBXResourcesBuildPhase;
			buildActionMask = 2147483647;
			files = (
				C24AA7CC217BAAC8002B6FF8 /* LaunchScreen.storyboard in Resources */,
				C24AA7C9217BAAC8002B6FF8 /* Assets.xcassets in Resources */,
				C24AA7C7217BAAC7002B6FF8 /* Main.storyboard in Resources */,
			);
			runOnlyForDeploymentPostprocessing = 0;
		};
/* End PBXResourcesBuildPhase section */

/* Begin PBXSourcesBuildPhase section */
		C24AA7B8217BAAC7002B6FF8 /* Sources */ = {
			isa = PBXSourcesBuildPhase;
			buildActionMask = 2147483647;
			files = (
				C24AA7E0217BC12F002B6FF8 /* LoginChoiceController.swift in Sources */,
				C24AA7FB217C4621002B6FF8 /* UtiI.swift in Sources */,
				C24AA7DC217BBC39002B6FF8 /* PoolsTableCell.swift in Sources */,
				C24AA7D9217BB520002B6FF8 /* LoginController.swift in Sources */,
				C211B6F2217C5C4F00ADC9A8 /* AccountController.swift in Sources */,
				C24AA7F1217BEFDA002B6FF8 /* Pool.swift in Sources */,
				C24AA7E3217BC7DB002B6FF8 /* SettingsController.swift in Sources */,
				C24AA7F9217C14DA002B6FF8 /* Session.swift in Sources */,
				C24AA7C0217BAAC7002B6FF8 /* AppDelegate.swift in Sources */,
				C24AA7F7217C08DB002B6FF8 /* CreatePasswordController.swift in Sources */,
				C24AA7C2217BAAC7002B6FF8 /* PoolsTableController.swift in Sources */,
				C24AA7DE217BBF7F002B6FF8 /* CreateAccountController.swift in Sources */,
				C24AA7F3217BF3A9002B6FF8 /* SettingsTableCell.swift in Sources */,
				C24AA7E6217BCB8A002B6FF8 /* CreatePoolController.swift in Sources */,
				C24AA7E9217BCD91002B6FF8 /* PoolDetailsController.swift in Sources */,
				C24AA7EC217BD05C002B6FF8 /* Http.swift in Sources */,
				C24AA7EF217BEE57002B6FF8 /* User.swift in Sources */,
			);
			runOnlyForDeploymentPostprocessing = 0;
		};
/* End PBXSourcesBuildPhase section */

/* Begin PBXVariantGroup section */
		C24AA7C5217BAAC7002B6FF8 /* Main.storyboard */ = {
			isa = PBXVariantGroup;
			children = (
				C24AA7C6217BAAC7002B6FF8 /* Base */,
			);
			name = Main.storyboard;
			sourceTree = "<group>";
		};
		C24AA7CA217BAAC8002B6FF8 /* LaunchScreen.storyboard */ = {
			isa = PBXVariantGroup;
			children = (
				C24AA7CB217BAAC8002B6FF8 /* Base */,
			);
			name = LaunchScreen.storyboard;
			sourceTree = "<group>";
		};
/* End PBXVariantGroup section */

/* Begin XCBuildConfiguration section */
		C24AA7CE217BAAC8002B6FF8 /* Debug */ = {
			isa = XCBuildConfiguration;
			buildSettings = {
				ALWAYS_SEARCH_USER_PATHS = NO;
				CLANG_ANALYZER_NONNULL = YES;
				CLANG_ANALYZER_NUMBER_OBJECT_CONVERSION = YES_AGGRESSIVE;
				CLANG_CXX_LANGUAGE_STANDARD = "gnu++14";
				CLANG_CXX_LIBRARY = "libc++";
				CLANG_ENABLE_MODULES = YES;
				CLANG_ENABLE_OBJC_ARC = YES;
				CLANG_ENABLE_OBJC_WEAK = YES;
				CLANG_WARN_BLOCK_CAPTURE_AUTORELEASING = YES;
				CLANG_WARN_BOOL_CONVERSION = YES;
				CLANG_WARN_COMMA = YES;
				CLANG_WARN_CONSTANT_CONVERSION = YES;
				CLANG_WARN_DEPRECATED_OBJC_IMPLEMENTATIONS = YES;
				CLANG_WARN_DIRECT_OBJC_ISA_USAGE = YES_ERROR;
				CLANG_WARN_DOCUMENTATION_COMMENTS = YES;
				CLANG_WARN_EMPTY_BODY = YES;
				CLANG_WARN_ENUM_CONVERSION = YES;
				CLANG_WARN_INFINITE_RECURSION = YES;
				CLANG_WARN_INT_CONVERSION = YES;
				CLANG_WARN_NON_LITERAL_NULL_CONVERSION = YES;
				CLANG_WARN_OBJC_IMPLICIT_RETAIN_SELF = YES;
				CLANG_WARN_OBJC_LITERAL_CONVERSION = YES;
				CLANG_WARN_OBJC_ROOT_CLASS = YES_ERROR;
				CLANG_WARN_RANGE_LOOP_ANALYSIS = YES;
				CLANG_WARN_STRICT_PROTOTYPES = YES;
				CLANG_WARN_SUSPICIOUS_MOVE = YES;
				CLANG_WARN_UNGUARDED_AVAILABILITY = YES_AGGRESSIVE;
				CLANG_WARN_UNREACHABLE_CODE = YES;
				CLANG_WARN__DUPLICATE_METHOD_MATCH = YES;
				CODE_SIGN_IDENTITY = "iPhone Developer";
				COPY_PHASE_STRIP = NO;
				DEBUG_INFORMATION_FORMAT = dwarf;
				ENABLE_STRICT_OBJC_MSGSEND = YES;
				ENABLE_TESTABILITY = YES;
				GCC_C_LANGUAGE_STANDARD = gnu11;
				GCC_DYNAMIC_NO_PIC = NO;
				GCC_NO_COMMON_BLOCKS = YES;
				GCC_OPTIMIZATION_LEVEL = 0;
				GCC_PREPROCESSOR_DEFINITIONS = (
					"DEBUG=1",
					"$(inherited)",
				);
				GCC_WARN_64_TO_32_BIT_CONVERSION = YES;
				GCC_WARN_ABOUT_RETURN_TYPE = YES_ERROR;
				GCC_WARN_UNDECLARED_SELECTOR = YES;
				GCC_WARN_UNINITIALIZED_AUTOS = YES_AGGRESSIVE;
				GCC_WARN_UNUSED_FUNCTION = YES;
				GCC_WARN_UNUSED_VARIABLE = YES;
				IPHONEOS_DEPLOYMENT_TARGET = 12.0;
				MTL_ENABLE_DEBUG_INFO = INCLUDE_SOURCE;
				MTL_FAST_MATH = YES;
				ONLY_ACTIVE_ARCH = YES;
				SDKROOT = iphoneos;
				SWIFT_ACTIVE_COMPILATION_CONDITIONS = DEBUG;
				SWIFT_OPTIMIZATION_LEVEL = "-Onone";
				VALIDATE_PRODUCT = YES;
			};
			name = Debug;
		};
		C24AA7CF217BAAC8002B6FF8 /* Release */ = {
			isa = XCBuildConfiguration;
			buildSettings = {
				ALWAYS_SEARCH_USER_PATHS = NO;
				CLANG_ANALYZER_NONNULL = YES;
				CLANG_ANALYZER_NUMBER_OBJECT_CONVERSION = YES_AGGRESSIVE;
				CLANG_CXX_LANGUAGE_STANDARD = "gnu++14";
				CLANG_CXX_LIBRARY = "libc++";
				CLANG_ENABLE_MODULES = YES;
				CLANG_ENABLE_OBJC_ARC = YES;
				CLANG_ENABLE_OBJC_WEAK = YES;
				CLANG_WARN_BLOCK_CAPTURE_AUTORELEASING = YES;
				CLANG_WARN_BOOL_CONVERSION = YES;
				CLANG_WARN_COMMA = YES;
				CLANG_WARN_CONSTANT_CONVERSION = YES;
				CLANG_WARN_DEPRECATED_OBJC_IMPLEMENTATIONS = YES;
				CLANG_WARN_DIRECT_OBJC_ISA_USAGE = YES_ERROR;
				CLANG_WARN_DOCUMENTATION_COMMENTS = YES;
				CLANG_WARN_EMPTY_BODY = YES;
				CLANG_WARN_ENUM_CONVERSION = YES;
				CLANG_WARN_INFINITE_RECURSION = YES;
				CLANG_WARN_INT_CONVERSION = YES;
				CLANG_WARN_NON_LITERAL_NULL_CONVERSION = YES;
				CLANG_WARN_OBJC_IMPLICIT_RETAIN_SELF = YES;
				CLANG_WARN_OBJC_LITERAL_CONVERSION = YES;
				CLANG_WARN_OBJC_ROOT_CLASS = YES_ERROR;
				CLANG_WARN_RANGE_LOOP_ANALYSIS = YES;
				CLANG_WARN_STRICT_PROTOTYPES = YES;
				CLANG_WARN_SUSPICIOUS_MOVE = YES;
				CLANG_WARN_UNGUARDED_AVAILABILITY = YES_AGGRESSIVE;
				CLANG_WARN_UNREACHABLE_CODE = YES;
				CLANG_WARN__DUPLICATE_METHOD_MATCH = YES;
				CODE_SIGN_IDENTITY = "iPhone Developer";
				COPY_PHASE_STRIP = NO;
				DEBUG_INFORMATION_FORMAT = "dwarf-with-dsym";
				ENABLE_NS_ASSERTIONS = NO;
				ENABLE_STRICT_OBJC_MSGSEND = YES;
				GCC_C_LANGUAGE_STANDARD = gnu11;
				GCC_NO_COMMON_BLOCKS = YES;
				GCC_WARN_64_TO_32_BIT_CONVERSION = YES;
				GCC_WARN_ABOUT_RETURN_TYPE = YES_ERROR;
				GCC_WARN_UNDECLARED_SELECTOR = YES;
				GCC_WARN_UNINITIALIZED_AUTOS = YES_AGGRESSIVE;
				GCC_WARN_UNUSED_FUNCTION = YES;
				GCC_WARN_UNUSED_VARIABLE = YES;
				IPHONEOS_DEPLOYMENT_TARGET = 12.0;
				MTL_ENABLE_DEBUG_INFO = NO;
				MTL_FAST_MATH = YES;
				SDKROOT = iphoneos;
				SWIFT_COMPILATION_MODE = wholemodule;
				SWIFT_OPTIMIZATION_LEVEL = "-O";
				VALIDATE_PRODUCT = NO;
			};
			name = Release;
		};
		C24AA7D1217BAAC8002B6FF8 /* Debug */ = {
			isa = XCBuildConfiguration;
			buildSettings = {
				ASSETCATALOG_COMPILER_APPICON_NAME = AppIcon;
				CODE_SIGN_IDENTITY = "iPhone Developer";
				CODE_SIGN_STYLE = Automatic;
				DEVELOPMENT_TEAM = AVZK53SPNZ;
				INFOPLIST_FILE = brethren/Info.plist;
				LD_RUNPATH_SEARCH_PATHS = (
					"$(inherited)",
					"@executable_path/Frameworks",
				);
				PRODUCT_BUNDLE_IDENTIFIER = rman.brethren;
				PRODUCT_NAME = "$(TARGET_NAME)";
				PROVISIONING_PROFILE_SPECIFIER = "";
				SWIFT_VERSION = 4.2;
				TARGETED_DEVICE_FAMILY = "1,2";
			};
			name = Debug;
		};
		C24AA7D2217BAAC8002B6FF8 /* Release */ = {
			isa = XCBuildConfiguration;
			buildSettings = {
				ASSETCATALOG_COMPILER_APPICON_NAME = AppIcon;
				CODE_SIGN_IDENTITY = "iPhone Developer";
				CODE_SIGN_STYLE = Automatic;
				DEVELOPMENT_TEAM = AVZK53SPNZ;
				INFOPLIST_FILE = brethren/Info.plist;
				LD_RUNPATH_SEARCH_PATHS = (
					"$(inherited)",
					"@executable_path/Frameworks",
				);
				PRODUCT_BUNDLE_IDENTIFIER = rman.brethren;
				PRODUCT_NAME = "$(TARGET_NAME)";
				PROVISIONING_PROFILE_SPECIFIER = "";
				SWIFT_VERSION = 4.2;
				TARGETED_DEVICE_FAMILY = "1,2";
			};
			name = Release;
		};
/* End XCBuildConfiguration section */

/* Begin XCConfigurationList section */
		C24AA7B7217BAAC7002B6FF8 /* Build configuration list for PBXProject "brethren" */ = {
			isa = XCConfigurationList;
			buildConfigurations = (
				C24AA7CE217BAAC8002B6FF8 /* Debug */,
				C24AA7CF217BAAC8002B6FF8 /* Release */,
			);
			defaultConfigurationIsVisible = 0;
			defaultConfigurationName = Release;
		};
		C24AA7D0217BAAC8002B6FF8 /* Build configuration list for PBXNativeTarget "brethren" */ = {
			isa = XCConfigurationList;
			buildConfigurations = (
				C24AA7D1217BAAC8002B6FF8 /* Debug */,
				C24AA7D2217BAAC8002B6FF8 /* Release */,
			);
			defaultConfigurationIsVisible = 0;
			defaultConfigurationName = Release;
		};
/* End XCConfigurationList section */
	};
	rootObject = C24AA7B4217BAAC7002B6FF8 /* Project object */;
}
